// !$*UTF8*$!
{
	archiveVersion = 1;
	classes = {
	};
	objectVersion = 50;
	objects = {

/* Begin PBXBuildFile section */
		3F5AC2F3245D359C0010AD7B /* TableViewCell.swift in Sources */ = {isa = PBXBuildFile; fileRef = 3F5AC2F2245D359C0010AD7B /* TableViewCell.swift */; };
		3FBCF01D244A4278004300A3 /* AppDelegate.swift in Sources */ = {isa = PBXBuildFile; fileRef = 3FBCF01C244A4278004300A3 /* AppDelegate.swift */; };
		3FBCF01F244A4278004300A3 /* SceneDelegate.swift in Sources */ = {isa = PBXBuildFile; fileRef = 3FBCF01E244A4278004300A3 /* SceneDelegate.swift */; };
		3FBCF021244A4278004300A3 /* ViewController.swift in Sources */ = {isa = PBXBuildFile; fileRef = 3FBCF020244A4278004300A3 /* ViewController.swift */; };
		3FBCF024244A4278004300A3 /* Main.storyboard in Resources */ = {isa = PBXBuildFile; fileRef = 3FBCF022244A4278004300A3 /* Main.storyboard */; };
		3FBCF026244A4279004300A3 /* Assets.xcassets in Resources */ = {isa = PBXBuildFile; fileRef = 3FBCF025244A4279004300A3 /* Assets.xcassets */; };
		3FBCF029244A4279004300A3 /* LaunchScreen.storyboard in Resources */ = {isa = PBXBuildFile; fileRef = 3FBCF027244A4279004300A3 /* LaunchScreen.storyboard */; };
		3FBCF034244A4279004300A3 /* designdemoTests.swift in Sources */ = {isa = PBXBuildFile; fileRef = 3FBCF033244A4279004300A3 /* designdemoTests.swift */; };
		3FBCF03F244A4279004300A3 /* designdemoUITests.swift in Sources */ = {isa = PBXBuildFile; fileRef = 3FBCF03E244A4279004300A3 /* designdemoUITests.swift */; };
/* End PBXBuildFile section */

/* Begin PBXContainerItemProxy section */
		3FBCF030244A4279004300A3 /* PBXContainerItemProxy */ = {
			isa = PBXContainerItemProxy;
			containerPortal = 3FBCF011244A4278004300A3 /* Project object */;
			proxyType = 1;
			remoteGlobalIDString = 3FBCF018244A4278004300A3;
			remoteInfo = designdemo;
		};
		3FBCF03B244A4279004300A3 /* PBXContainerItemProxy */ = {
			isa = PBXContainerItemProxy;
			containerPortal = 3FBCF011244A4278004300A3 /* Project object */;
			proxyType = 1;
			remoteGlobalIDString = 3FBCF018244A4278004300A3;
			remoteInfo = designdemo;
		};
/* End PBXContainerItemProxy section */

/* Begin PBXFileReference section */
		3F5AC2F2245D359C0010AD7B /* TableViewCell.swift */ = {isa = PBXFileReference; fileEncoding = 4; lastKnownFileType = sourcecode.swift; path = TableViewCell.swift; sourceTree = "<group>"; };
		3FBCF019244A4278004300A3 /* designdemo.app */ = {isa = PBXFileReference; explicitFileType = wrapper.application; includeInIndex = 0; path = designdemo.app; sourceTree = BUILT_PRODUCTS_DIR; };
		3FBCF01C244A4278004300A3 /* AppDelegate.swift */ = {isa = PBXFileReference; lastKnownFileType = sourcecode.swift; path = AppDelegate.swift; sourceTree = "<group>"; };
		3FBCF01E244A4278004300A3 /* SceneDelegate.swift */ = {isa = PBXFileReference; lastKnownFileType = sourcecode.swift; path = SceneDelegate.swift; sourceTree = "<group>"; };
		3FBCF020244A4278004300A3 /* ViewController.swift */ = {isa = PBXFileReference; lastKnownFileType = sourcecode.swift; path = ViewController.swift; sourceTree = "<group>"; };
		3FBCF023244A4278004300A3 /* Base */ = {isa = PBXFileReference; lastKnownFileType = file.storyboard; name = Base; path = Base.lproj/Main.storyboard; sourceTree = "<group>"; };
		3FBCF025244A4279004300A3 /* Assets.xcassets */ = {isa = PBXFileReference; lastKnownFileType = folder.assetcatalog; path = Assets.xcassets; sourceTree = "<group>"; };
		3FBCF028244A4279004300A3 /* Base */ = {isa = PBXFileReference; lastKnownFileType = file.storyboard; name = Base; path = Base.lproj/LaunchScreen.storyboard; sourceTree = "<group>"; };
		3FBCF02A244A4279004300A3 /* Info.plist */ = {isa = PBXFileReference; lastKnownFileType = text.plist.xml; path = Info.plist; sourceTree = "<group>"; };
		3FBCF02F244A4279004300A3 /* designdemoTests.xctest */ = {isa = PBXFileReference; explicitFileType = wrapper.cfbundle; includeInIndex = 0; path = designdemoTests.xctest; sourceTree = BUILT_PRODUCTS_DIR; };
		3FBCF033244A4279004300A3 /* designdemoTests.swift */ = {isa = PBXFileReference; lastKnownFileType = sourcecode.swift; path = designdemoTests.swift; sourceTree = "<group>"; };
		3FBCF035244A4279004300A3 /* Info.plist */ = {isa = PBXFileReference; lastKnownFileType = text.plist.xml; path = Info.plist; sourceTree = "<group>"; };
		3FBCF03A244A4279004300A3 /* designdemoUITests.xctest */ = {isa = PBXFileReference; explicitFileType = wrapper.cfbundle; includeInIndex = 0; path = designdemoUITests.xctest; sourceTree = BUILT_PRODUCTS_DIR; };
		3FBCF03E244A4279004300A3 /* designdemoUITests.swift */ = {isa = PBXFileReference; lastKnownFileType = sourcecode.swift; path = designdemoUITests.swift; sourceTree = "<group>"; };
		3FBCF040244A4279004300A3 /* Info.plist */ = {isa = PBXFileReference; lastKnownFileType = text.plist.xml; path = Info.plist; sourceTree = "<group>"; };
/* End PBXFileReference section */

/* Begin PBXFrameworksBuildPhase section */
		3FBCF016244A4278004300A3 /* Frameworks */ = {
			isa = PBXFrameworksBuildPhase;
			buildActionMask = 2147483647;
			files = (
			);
			runOnlyForDeploymentPostprocessing = 0;
		};
		3FBCF02C244A4279004300A3 /* Frameworks */ = {
			isa = PBXFrameworksBuildPhase;
			buildActionMask = 2147483647;
			files = (
			);
			runOnlyForDeploymentPostprocessing = 0;
		};
		3FBCF037244A4279004300A3 /* Frameworks */ = {
			isa = PBXFrameworksBuildPhase;
			buildActionMask = 2147483647;
			files = (
			);
			runOnlyForDeploymentPostprocessing = 0;
		};
/* End PBXFrameworksBuildPhase section */

/* Begin PBXGroup section */
		3FBCF010244A4278004300A3 = {
			isa = PBXGroup;
			children = (
				3FBCF01B244A4278004300A3 /* designdemo */,
				3FBCF032244A4279004300A3 /* designdemoTests */,
				3FBCF03D244A4279004300A3 /* designdemoUITests */,
				3FBCF01A244A4278004300A3 /* Products */,
			);
			sourceTree = "<group>";
		};
		3FBCF01A244A4278004300A3 /* Products */ = {
			isa = PBXGroup;
			children = (
				3FBCF019244A4278004300A3 /* designdemo.app */,
				3FBCF02F244A4279004300A3 /* designdemoTests.xctest */,
				3FBCF03A244A4279004300A3 /* designdemoUITests.xctest */,
			);
			name = Products;
			sourceTree = "<group>";
		};
		3FBCF01B244A4278004300A3 /* designdemo */ = {
			isa = PBXGroup;
			children = (
				3F5AC2F2245D359C0010AD7B /* TableViewCell.swift */,
				3FBCF01C244A4278004300A3 /* AppDelegate.swift */,
				3FBCF01E244A4278004300A3 /* SceneDelegate.swift */,
				3FBCF020244A4278004300A3 /* ViewController.swift */,
				3FBCF022244A4278004300A3 /* Main.storyboard */,
				3FBCF025244A4279004300A3 /* Assets.xcassets */,
				3FBCF027244A4279004300A3 /* LaunchScreen.storyboard */,
				3FBCF02A244A4279004300A3 /* Info.plist */,
			);
			path = designdemo;
			sourceTree = "<group>";
		};
		3FBCF032244A4279004300A3 /* designdemoTests */ = {
			isa = PBXGroup;
			children = (
				3FBCF033244A4279004300A3 /* designdemoTests.swift */,
				3FBCF035244A4279004300A3 /* Info.plist */,
			);
			path = designdemoTests;
			sourceTree = "<group>";
		};
		3FBCF03D244A4279004300A3 /* designdemoUITests */ = {
			isa = PBXGroup;
			children = (
				3FBCF03E244A4279004300A3 /* designdemoUITests.swift */,
				3FBCF040244A4279004300A3 /* Info.plist */,
			);
			path = designdemoUITests;
			sourceTree = "<group>";
		};
/* End PBXGroup section */

/* Begin PBXNativeTarget section */
		3FBCF018244A4278004300A3 /* designdemo */ = {
			isa = PBXNativeTarget;
			buildConfigurationList = 3FBCF043244A4279004300A3 /* Build configuration list for PBXNativeTarget "designdemo" */;
			buildPhases = (
				3FBCF015244A4278004300A3 /* Sources */,
				3FBCF016244A4278004300A3 /* Frameworks */,
				3FBCF017244A4278004300A3 /* Resources */,
			);
			buildRules = (
			);
			dependencies = (
			);
			name = designdemo;
			productName = designdemo;
			productReference = 3FBCF019244A4278004300A3 /* designdemo.app */;
			productType = "com.apple.product-type.application";
		};
		3FBCF02E244A4279004300A3 /* designdemoTests */ = {
			isa = PBXNativeTarget;
			buildConfigurationList = 3FBCF046244A4279004300A3 /* Build configuration list for PBXNativeTarget "designdemoTests" */;
			buildPhases = (
				3FBCF02B244A4279004300A3 /* Sources */,
				3FBCF02C244A4279004300A3 /* Frameworks */,
				3FBCF02D244A4279004300A3 /* Resources */,
			);
			buildRules = (
			);
			dependencies = (
				3FBCF031244A4279004300A3 /* PBXTargetDependency */,
			);
			name = designdemoTests;
			productName = designdemoTests;
			productReference = 3FBCF02F244A4279004300A3 /* designdemoTests.xctest */;
			productType = "com.apple.product-type.bundle.unit-test";
		};
		3FBCF039244A4279004300A3 /* designdemoUITests */ = {
			isa = PBXNativeTarget;
			buildConfigurationList = 3FBCF049244A4279004300A3 /* Build configuration list for PBXNativeTarget "designdemoUITests" */;
			buildPhases = (
				3FBCF036244A4279004300A3 /* Sources */,
				3FBCF037244A4279004300A3 /* Frameworks */,
				3FBCF038244A4279004300A3 /* Resources */,
			);
			buildRules = (
			);
			dependencies = (
				3FBCF03C244A4279004300A3 /* PBXTargetDependency */,
			);
			name = designdemoUITests;
			productName = designdemoUITests;
			productReference = 3FBCF03A244A4279004300A3 /* designdemoUITests.xctest */;
			productType = "com.apple.product-type.bundle.ui-testing";
		};
/* End PBXNativeTarget section */

/* Begin PBXProject section */
		3FBCF011244A4278004300A3 /* Project object */ = {
			isa = PBXProject;
			attributes = {
				LastSwiftUpdateCheck = 1130;
				LastUpgradeCheck = 1130;
				ORGANIZATIONNAME = "Reena Yuan";
				TargetAttributes = {
					3FBCF018244A4278004300A3 = {
						CreatedOnToolsVersion = 11.3.1;
					};
					3FBCF02E244A4279004300A3 = {
						CreatedOnToolsVersion = 11.3.1;
						TestTargetID = 3FBCF018244A4278004300A3;
					};
					3FBCF039244A4279004300A3 = {
						CreatedOnToolsVersion = 11.3.1;
						TestTargetID = 3FBCF018244A4278004300A3;
					};
				};
			};
			buildConfigurationList = 3FBCF014244A4278004300A3 /* Build configuration list for PBXProject "designdemo" */;
			compatibilityVersion = "Xcode 9.3";
			developmentRegion = en;
			hasScannedForEncodings = 0;
			knownRegions = (
				en,
				Base,
			);
			mainGroup = 3FBCF010244A4278004300A3;
			productRefGroup = 3FBCF01A244A4278004300A3 /* Products */;
			projectDirPath = "";
			projectRoot = "";
			targets = (
				3FBCF018244A4278004300A3 /* designdemo */,
				3FBCF02E244A4279004300A3 /* designdemoTests */,
				3FBCF039244A4279004300A3 /* designdemoUITests */,
			);
		};
/* End PBXProject section */

/* Begin PBXResourcesBuildPhase section */
		3FBCF017244A4278004300A3 /* Resources */ = {
			isa = PBXResourcesBuildPhase;
			buildActionMask = 2147483647;
			files = (
				3FBCF029244A4279004300A3 /* LaunchScreen.storyboard in Resources */,
				3FBCF026244A4279004300A3 /* Assets.xcassets in Resources */,
				3FBCF024244A4278004300A3 /* Main.storyboard in Resources */,
			);
			runOnlyForDeploymentPostprocessing = 0;
		};
		3FBCF02D244A4279004300A3 /* Resources */ = {
			isa = PBXResourcesBuildPhase;
			buildActionMask = 2147483647;
			files = (
			);
			runOnlyForDeploymentPostprocessing = 0;
		};
		3FBCF038244A4279004300A3 /* Resources */ = {
			isa = PBXResourcesBuildPhase;
			buildActionMask = 2147483647;
			files = (
			);
			runOnlyForDeploymentPostprocessing = 0;
		};
/* End PBXResourcesBuildPhase section */

/* Begin PBXSourcesBuildPhase section */
		3FBCF015244A4278004300A3 /* Sources */ = {
			isa = PBXSourcesBuildPhase;
			buildActionMask = 2147483647;
			files = (
				3FBCF021244A4278004300A3 /* ViewController.swift in Sources */,
				3F5AC2F3245D359C0010AD7B /* TableViewCell.swift in Sources */,
				3FBCF01D244A4278004300A3 /* AppDelegate.swift in Sources */,
				3FBCF01F244A4278004300A3 /* SceneDelegate.swift in Sources */,
			);
			runOnlyForDeploymentPostprocessing = 0;
		};
		3FBCF02B244A4279004300A3 /* Sources */ = {
			isa = PBXSourcesBuildPhase;
			buildActionMask = 2147483647;
			files = (
				3FBCF034244A4279004300A3 /* designdemoTests.swift in Sources */,
			);
			runOnlyForDeploymentPostprocessing = 0;
		};
		3FBCF036244A4279004300A3 /* Sources */ = {
			isa = PBXSourcesBuildPhase;
			buildActionMask = 2147483647;
			files = (
				3FBCF03F244A4279004300A3 /* designdemoUITests.swift in Sources */,
			);
			runOnlyForDeploymentPostprocessing = 0;
		};
/* End PBXSourcesBuildPhase section */

/* Begin PBXTargetDependency section */
		3FBCF031244A4279004300A3 /* PBXTargetDependency */ = {
			isa = PBXTargetDependency;
			target = 3FBCF018244A4278004300A3 /* designdemo */;
			targetProxy = 3FBCF030244A4279004300A3 /* PBXContainerItemProxy */;
		};
		3FBCF03C244A4279004300A3 /* PBXTargetDependency */ = {
			isa = PBXTargetDependency;
			target = 3FBCF018244A4278004300A3 /* designdemo */;
			targetProxy = 3FBCF03B244A4279004300A3 /* PBXContainerItemProxy */;
		};
/* End PBXTargetDependency section */

/* Begin PBXVariantGroup section */
		3FBCF022244A4278004300A3 /* Main.storyboard */ = {
			isa = PBXVariantGroup;
			children = (
				3FBCF023244A4278004300A3 /* Base */,
			);
			name = Main.storyboard;
			sourceTree = "<group>";
		};
		3FBCF027244A4279004300A3 /* LaunchScreen.storyboard */ = {
			isa = PBXVariantGroup;
			children = (
				3FBCF028244A4279004300A3 /* Base */,
			);
			name = LaunchScreen.storyboard;
			sourceTree = "<group>";
		};
/* End PBXVariantGroup section */

/* Begin XCBuildConfiguration section */
		3FBCF041244A4279004300A3 /* Debug */ = {
			isa = XCBuildConfiguration;
			buildSettings = {
				ALWAYS_SEARCH_USER_PATHS = NO;
				CLANG_ANALYZER_NONNULL = YES;
				CLANG_ANALYZER_NUMBER_OBJECT_CONVERSION = YES_AGGRESSIVE;
				CLANG_CXX_LANGUAGE_STANDARD = "gnu++14";
				CLANG_CXX_LIBRARY = "libc++";
				CLANG_ENABLE_MODULES = YES;
				CLANG_ENABLE_OBJC_ARC = YES;
				CLANG_ENABLE_OBJC_WEAK = YES;
				CLANG_WARN_BLOCK_CAPTURE_AUTORELEASING = YES;
				CLANG_WARN_BOOL_CONVERSION = YES;
				CLANG_WARN_COMMA = YES;
				CLANG_WARN_CONSTANT_CONVERSION = YES;
				CLANG_WARN_DEPRECATED_OBJC_IMPLEMENTATIONS = YES;
				CLANG_WARN_DIRECT_OBJC_ISA_USAGE = YES_ERROR;
				CLANG_WARN_DOCUMENTATION_COMMENTS = YES;
				CLANG_WARN_EMPTY_BODY = YES;
				CLANG_WARN_ENUM_CONVERSION = YES;
				CLANG_WARN_INFINITE_RECURSION = YES;
				CLANG_WARN_INT_CONVERSION = YES;
				CLANG_WARN_NON_LITERAL_NULL_CONVERSION = YES;
				CLANG_WARN_OBJC_IMPLICIT_RETAIN_SELF = YES;
				CLANG_WARN_OBJC_LITERAL_CONVERSION = YES;
				CLANG_WARN_OBJC_ROOT_CLASS = YES_ERROR;
				CLANG_WARN_RANGE_LOOP_ANALYSIS = YES;
				CLANG_WARN_STRICT_PROTOTYPES = YES;
				CLANG_WARN_SUSPICIOUS_MOVE = YES;
				CLANG_WARN_UNGUARDED_AVAILABILITY = YES_AGGRESSIVE;
				CLANG_WARN_UNREACHABLE_CODE = YES;
				CLANG_WARN__DUPLICATE_METHOD_MATCH = YES;
				COPY_PHASE_STRIP = NO;
				DEBUG_INFORMATION_FORMAT = dwarf;
				ENABLE_STRICT_OBJC_MSGSEND = YES;
				ENABLE_TESTABILITY = YES;
				GCC_C_LANGUAGE_STANDARD = gnu11;
				GCC_DYNAMIC_NO_PIC = NO;
				GCC_NO_COMMON_BLOCKS = YES;
				GCC_OPTIMIZATION_LEVEL = 0;
				GCC_PREPROCESSOR_DEFINITIONS = (
					"DEBUG=1",
					"$(inherited)",
				);
				GCC_WARN_64_TO_32_BIT_CONVERSION = YES;
				GCC_WARN_ABOUT_RETURN_TYPE = YES_ERROR;
				GCC_WARN_UNDECLARED_SELECTOR = YES;
				GCC_WARN_UNINITIALIZED_AUTOS = YES_AGGRESSIVE;
				GCC_WARN_UNUSED_FUNCTION = YES;
				GCC_WARN_UNUSED_VARIABLE = YES;
				IPHONEOS_DEPLOYMENT_TARGET = 13.2;
				MTL_ENABLE_DEBUG_INFO = INCLUDE_SOURCE;
				MTL_FAST_MATH = YES;
				ONLY_ACTIVE_ARCH = YES;
				SDKROOT = iphoneos;
				SWIFT_ACTIVE_COMPILATION_CONDITIONS = DEBUG;
				SWIFT_OPTIMIZATION_LEVEL = "-Onone";
			};
			name = Debug;
		};
		3FBCF042244A4279004300A3 /* Release */ = {
			isa = XCBuildConfiguration;
			buildSettings = {
				ALWAYS_SEARCH_USER_PATHS = NO;
				CLANG_ANALYZER_NONNULL = YES;
				CLANG_ANALYZER_NUMBER_OBJECT_CONVERSION = YES_AGGRESSIVE;
				CLANG_CXX_LANGUAGE_STANDARD = "gnu++14";
				CLANG_CXX_LIBRARY = "libc++";
				CLANG_ENABLE_MODULES = YES;
				CLANG_ENABLE_OBJC_ARC = YES;
				CLANG_ENABLE_OBJC_WEAK = YES;
				CLANG_WARN_BLOCK_CAPTURE_AUTORELEASING = YES;
				CLANG_WARN_BOOL_CONVERSION = YES;
				CLANG_WARN_COMMA = YES;
				CLANG_WARN_CONSTANT_CONVERSION = YES;
				CLANG_WARN_DEPRECATED_OBJC_IMPLEMENTATIONS = YES;
				CLANG_WARN_DIRECT_OBJC_ISA_USAGE = YES_ERROR;
				CLANG_WARN_DOCUMENTATION_COMMENTS = YES;
				CLANG_WARN_EMPTY_BODY = YES;
				CLANG_WARN_ENUM_CONVERSION = YES;
				CLANG_WARN_INFINITE_RECURSION = YES;
				CLANG_WARN_INT_CONVERSION = YES;
				CLANG_WARN_NON_LITERAL_NULL_CONVERSION = YES;
				CLANG_WARN_OBJC_IMPLICIT_RETAIN_SELF = YES;
				CLANG_WARN_OBJC_LITERAL_CONVERSION = YES;
				CLANG_WARN_OBJC_ROOT_CLASS = YES_ERROR;
				CLANG_WARN_RANGE_LOOP_ANALYSIS = YES;
				CLANG_WARN_STRICT_PROTOTYPES = YES;
				CLANG_WARN_SUSPICIOUS_MOVE = YES;
				CLANG_WARN_UNGUARDED_AVAILABILITY = YES_AGGRESSIVE;
				CLANG_WARN_UNREACHABLE_CODE = YES;
				CLANG_WARN__DUPLICATE_METHOD_MATCH = YES;
				COPY_PHASE_STRIP = NO;
				DEBUG_INFORMATION_FORMAT = "dwarf-with-dsym";
				ENABLE_NS_ASSERTIONS = NO;
				ENABLE_STRICT_OBJC_MSGSEND = YES;
				GCC_C_LANGUAGE_STANDARD = gnu11;
				GCC_NO_COMMON_BLOCKS = YES;
				GCC_WARN_64_TO_32_BIT_CONVERSION = YES;
				GCC_WARN_ABOUT_RETURN_TYPE = YES_ERROR;
				GCC_WARN_UNDECLARED_SELECTOR = YES;
				GCC_WARN_UNINITIALIZED_AUTOS = YES_AGGRESSIVE;
				GCC_WARN_UNUSED_FUNCTION = YES;
				GCC_WARN_UNUSED_VARIABLE = YES;
				IPHONEOS_DEPLOYMENT_TARGET = 13.2;
				MTL_ENABLE_DEBUG_INFO = NO;
				MTL_FAST_MATH = YES;
				SDKROOT = iphoneos;
				SWIFT_COMPILATION_MODE = wholemodule;
				SWIFT_OPTIMIZATION_LEVEL = "-O";
				VALIDATE_PRODUCT = YES;
			};
			name = Release;
		};
		3FBCF044244A4279004300A3 /* Debug */ = {
			isa = XCBuildConfiguration;
			buildSettings = {
				ASSETCATALOG_COMPILER_APPICON_NAME = AppIcon;
				CODE_SIGN_STYLE = Automatic;
				DEVELOPMENT_TEAM = F78B35GW65;
				INFOPLIST_FILE = designdemo/Info.plist;
				LD_RUNPATH_SEARCH_PATHS = (
					"$(inherited)",
					"@executable_path/Frameworks",
				);
				PRODUCT_BUNDLE_IDENTIFIER = reenayuan.designdemo;
				PRODUCT_NAME = "$(TARGET_NAME)";
				SWIFT_VERSION = 5.0;
				TARGETED_DEVICE_FAMILY = "1,2";
			};
			name = Debug;
		};
		3FBCF045244A4279004300A3 /* Release */ = {
			isa = XCBuildConfiguration;
			buildSettings = {
				ASSETCATALOG_COMPILER_APPICON_NAME = AppIcon;
				CODE_SIGN_STYLE = Automatic;
				DEVELOPMENT_TEAM = F78B35GW65;
				INFOPLIST_FILE = designdemo/Info.plist;
				LD_RUNPATH_SEARCH_PATHS = (
					"$(inherited)",
					"@executable_path/Frameworks",
				);
				PRODUCT_BUNDLE_IDENTIFIER = reenayuan.designdemo;
				PRODUCT_NAME = "$(TARGET_NAME)";
				SWIFT_VERSION = 5.0;
				TARGETED_DEVICE_FAMILY = "1,2";
			};
			name = Release;
		};
		3FBCF047244A4279004300A3 /* Debug */ = {
			isa = XCBuildConfiguration;
			buildSettings = {
				ALWAYS_EMBED_SWIFT_STANDARD_LIBRARIES = YES;
				BUNDLE_LOADER = "$(TEST_HOST)";
				CODE_SIGN_STYLE = Automatic;
				DEVELOPMENT_TEAM = F78B35GW65;
				INFOPLIST_FILE = designdemoTests/Info.plist;
				IPHONEOS_DEPLOYMENT_TARGET = 13.2;
				LD_RUNPATH_SEARCH_PATHS = (
					"$(inherited)",
					"@executable_path/Frameworks",
					"@loader_path/Frameworks",
				);
				PRODUCT_BUNDLE_IDENTIFIER = reenayuan.designdemoTests;
				PRODUCT_NAME = "$(TARGET_NAME)";
				SWIFT_VERSION = 5.0;
				TARGETED_DEVICE_FAMILY = "1,2";
				TEST_HOST = "$(BUILT_PRODUCTS_DIR)/designdemo.app/designdemo";
			};
			name = Debug;
		};
		3FBCF048244A4279004300A3 /* Release */ = {
			isa = XCBuildConfiguration;
			buildSettings = {
				ALWAYS_EMBED_SWIFT_STANDARD_LIBRARIES = YES;
				BUNDLE_LOADER = "$(TEST_HOST)";
				CODE_SIGN_STYLE = Automatic;
				DEVELOPMENT_TEAM = F78B35GW65;
				INFOPLIST_FILE = designdemoTests/Info.plist;
				IPHONEOS_DEPLOYMENT_TARGET = 13.2;
				LD_RUNPATH_SEARCH_PATHS = (
					"$(inherited)",
					"@executable_path/Frameworks",
					"@loader_path/Frameworks",
				);
				PRODUCT_BUNDLE_IDENTIFIER = reenayuan.designdemoTests;
				PRODUCT_NAME = "$(TARGET_NAME)";
				SWIFT_VERSION = 5.0;
				TARGETED_DEVICE_FAMILY = "1,2";
				TEST_HOST = "$(BUILT_PRODUCTS_DIR)/designdemo.app/designdemo";
			};
			name = Release;
		};
		3FBCF04A244A4279004300A3 /* Debug */ = {
			isa = XCBuildConfiguration;
			buildSettings = {
				ALWAYS_EMBED_SWIFT_STANDARD_LIBRARIES = YES;
				CODE_SIGN_STYLE = Automatic;
				DEVELOPMENT_TEAM = F78B35GW65;
				INFOPLIST_FILE = designdemoUITests/Info.plist;
				LD_RUNPATH_SEARCH_PATHS = (
					"$(inherited)",
					"@executable_path/Frameworks",
					"@loader_path/Frameworks",
				);
				PRODUCT_BUNDLE_IDENTIFIER = reenayuan.designdemoUITests;
				PRODUCT_NAME = "$(TARGET_NAME)";
				SWIFT_VERSION = 5.0;
				TARGETED_DEVICE_FAMILY = "1,2";
				TEST_TARGET_NAME = designdemo;
			};
			name = Debug;
		};
		3FBCF04B244A4279004300A3 /* Release */ = {
			isa = XCBuildConfiguration;
			buildSettings = {
				ALWAYS_EMBED_SWIFT_STANDARD_LIBRARIES = YES;
				CODE_SIGN_STYLE = Automatic;
				DEVELOPMENT_TEAM = F78B35GW65;
				INFOPLIST_FILE = designdemoUITests/Info.plist;
				LD_RUNPATH_SEARCH_PATHS = (
					"$(inherited)",
					"@executable_path/Frameworks",
					"@loader_path/Frameworks",
				);
				PRODUCT_BUNDLE_IDENTIFIER = reenayuan.designdemoUITests;
				PRODUCT_NAME = "$(TARGET_NAME)";
				SWIFT_VERSION = 5.0;
				TARGETED_DEVICE_FAMILY = "1,2";
				TEST_TARGET_NAME = designdemo;
			};
			name = Release;
		};
/* End XCBuildConfiguration section */

/* Begin XCConfigurationList section */
		3FBCF014244A4278004300A3 /* Build configuration list for PBXProject "designdemo" */ = {
			isa = XCConfigurationList;
			buildConfigurations = (
				3FBCF041244A4279004300A3 /* Debug */,
				3FBCF042244A4279004300A3 /* Release */,
			);
			defaultConfigurationIsVisible = 0;
			defaultConfigurationName = Release;
		};
		3FBCF043244A4279004300A3 /* Build configuration list for PBXNativeTarget "designdemo" */ = {
			isa = XCConfigurationList;
			buildConfigurations = (
				3FBCF044244A4279004300A3 /* Debug */,
				3FBCF045244A4279004300A3 /* Release */,
			);
			defaultConfigurationIsVisible = 0;
			defaultConfigurationName = Release;
		};
		3FBCF046244A4279004300A3 /* Build configuration list for PBXNativeTarget "designdemoTests" */ = {
			isa = XCConfigurationList;
			buildConfigurations = (
				3FBCF047244A4279004300A3 /* Debug */,
				3FBCF048244A4279004300A3 /* Release */,
			);
			defaultConfigurationIsVisible = 0;
			defaultConfigurationName = Release;
		};
		3FBCF049244A4279004300A3 /* Build configuration list for PBXNativeTarget "designdemoUITests" */ = {
			isa = XCConfigurationList;
			buildConfigurations = (
				3FBCF04A244A4279004300A3 /* Debug */,
				3FBCF04B244A4279004300A3 /* Release */,
			);
			defaultConfigurationIsVisible = 0;
			defaultConfigurationName = Release;
		};
/* End XCConfigurationList section */
	};
	rootObject = 3FBCF011244A4278004300A3 /* Project object */;
}
